
Microsoft Visual Studio Solution File, Format Version 12.00
# Visual Studio Version 16
VisualStudioVersion = 16.0.30611.23
MinimumVisualStudioVersion = 10.0.40219.1
Project("{FAE04EC0-301F-11D3-BF4B-00C04F79EFBC}") = "WSVenta", "WSVenta\WSVenta.csproj", "{F7C97ECB-ADB7-4857-98C8-80D1F9C4CDCE}"
EndProject
Global
	GlobalSection(SolutionConfigurationPlatforms) = preSolution
		Debug|Any CPU = Debug|Any CPU
		Release|Any CPU = Release|Any CPU
	EndGlobalSection
	GlobalSection(ProjectConfigurationPlatforms) = postSolution
		{F7C97ECB-ADB7-4857-98C8-80D1F9C4CDCE}.Debug|Any CPU.ActiveCfg = Debug|Any CPU
		{F7C97ECB-ADB7-4857-98C8-80D1F9C4CDCE}.Debug|Any CPU.Build.0 = Debug|Any CPU
		{F7C97ECB-ADB7-4857-98C8-80D1F9C4CDCE}.Release|Any CPU.ActiveCfg = Release|Any CPU
		{F7C97ECB-ADB7-4857-98C8-80D1F9C4CDCE}.Release|Any CPU.Build.0 = Release|Any CPU
	EndGlobalSection
	GlobalSection(SolutionProperties) = preSolution
		HideSolutionNode = FALSE
	EndGlobalSection
	GlobalSection(ExtensibilityGlobals) = postSolution
		SolutionGuid = {D1699398-49EC-42F9-8870-5C4E621E9E41}
	EndGlobalSection
EndGlobal
